
Microsoft Visual Studio Solution File, Format Version 12.00
# Visual Studio Version 17
VisualStudioVersion = 17.6.33815.320
MinimumVisualStudioVersion = 10.0.40219.1
Project("{8BC9CEB8-8B4A-11D0-8D11-00A0C91BC942}") = "Project_Euler", "Project_Euler\Project_Euler.vcxproj", "{F5732917-1455-4070-B199-BCD502C8E353}"
EndProject
Project("{8BC9CEB8-8B4A-11D0-8D11-00A0C91BC942}") = "001_Multiples_of_3_or_5", "001_Multiples_of_3_or_5\001_Multiples_of_3_or_5.vcxproj", "{F6E4D0C7-7736-4969-94CD-99A2E66CB447}"
EndProject
Project("{8BC9CEB8-8B4A-11D0-8D11-00A0C91BC942}") = "002_Even_Fibonacci_Numbers", "002_Even_Fibonacci_Numbers\002_Even_Fibonacci_Numbers.vcxproj", "{BDD44709-AC38-4E48-97D5-548DE082C6BA}"
EndProject
Project("{8BC9CEB8-8B4A-11D0-8D11-00A0C91BC942}") = "003_Largest_Prime_Factor", "003_Largest_Prime_Factor\003_Largest_Prime_Factor.vcxproj", "{78F3E458-3D82-4F8F-AFD9-9629BB524934}"
EndProject
Project("{8BC9CEB8-8B4A-11D0-8D11-00A0C91BC942}") = "004_Largest_Palindrome_Product", "004_Largest_Palindrome_Product\004_Largest_Palindrome_Product.vcxproj", "{FFB59C9E-7790-418A-8638-6F86838E22F3}"
EndProject
Project("{8BC9CEB8-8B4A-11D0-8D11-00A0C91BC942}") = "005_Smallest_Multiple", "005_Smallest_Multiple\005_Smallest_Multiple.vcxproj", "{3C9F5D3B-96BC-4D09-8BC3-F6A2C012088C}"
EndProject
Project("{8BC9CEB8-8B4A-11D0-8D11-00A0C91BC942}") = "006_Sum_Square_Difference", "006_Sum_Square_Difference\006_Sum_Square_Difference.vcxproj", "{485BE020-60DB-447E-BCA5-C535D9DF0233}"
EndProject
Project("{8BC9CEB8-8B4A-11D0-8D11-00A0C91BC942}") = "007_10001st_Prime", "007_10001st_Prime\007_10001st_Prime.vcxproj", "{1A4B9B17-A2FE-4CCA-99EE-01CB079B04D2}"
EndProject
Global
	GlobalSection(SolutionConfigurationPlatforms) = preSolution
		Debug|x64 = Debug|x64
		Debug|x86 = Debug|x86
		Release|x64 = Release|x64
		Release|x86 = Release|x86
	EndGlobalSection
	GlobalSection(ProjectConfigurationPlatforms) = postSolution
		{F5732917-1455-4070-B199-BCD502C8E353}.Debug|x64.ActiveCfg = Debug|x64
		{F5732917-1455-4070-B199-BCD502C8E353}.Debug|x64.Build.0 = Debug|x64
		{F5732917-1455-4070-B199-BCD502C8E353}.Debug|x86.ActiveCfg = Debug|Win32
		{F5732917-1455-4070-B199-BCD502C8E353}.Debug|x86.Build.0 = Debug|Win32
		{F5732917-1455-4070-B199-BCD502C8E353}.Release|x64.ActiveCfg = Release|x64
		{F5732917-1455-4070-B199-BCD502C8E353}.Release|x64.Build.0 = Release|x64
		{F5732917-1455-4070-B199-BCD502C8E353}.Release|x86.ActiveCfg = Release|Win32
		{F5732917-1455-4070-B199-BCD502C8E353}.Release|x86.Build.0 = Release|Win32
		{F6E4D0C7-7736-4969-94CD-99A2E66CB447}.Debug|x64.ActiveCfg = Debug|x64
		{F6E4D0C7-7736-4969-94CD-99A2E66CB447}.Debug|x64.Build.0 = Debug|x64
		{F6E4D0C7-7736-4969-94CD-99A2E66CB447}.Debug|x86.ActiveCfg = Debug|Win32
		{F6E4D0C7-7736-4969-94CD-99A2E66CB447}.Debug|x86.Build.0 = Debug|Win32
		{F6E4D0C7-7736-4969-94CD-99A2E66CB447}.Release|x64.ActiveCfg = Release|x64
		{F6E4D0C7-7736-4969-94CD-99A2E66CB447}.Release|x64.Build.0 = Release|x64
		{F6E4D0C7-7736-4969-94CD-99A2E66CB447}.Release|x86.ActiveCfg = Release|Win32
		{F6E4D0C7-7736-4969-94CD-99A2E66CB447}.Release|x86.Build.0 = Release|Win32
		{BDD44709-AC38-4E48-97D5-548DE082C6BA}.Debug|x64.ActiveCfg = Debug|x64
		{BDD44709-AC38-4E48-97D5-548DE082C6BA}.Debug|x64.Build.0 = Debug|x64
		{BDD44709-AC38-4E48-97D5-548DE082C6BA}.Debug|x86.ActiveCfg = Debug|Win32
		{BDD44709-AC38-4E48-97D5-548DE082C6BA}.Debug|x86.Build.0 = Debug|Win32
		{BDD44709-AC38-4E48-97D5-548DE082C6BA}.Release|x64.ActiveCfg = Release|x64
		{BDD44709-AC38-4E48-97D5-548DE082C6BA}.Release|x64.Build.0 = Release|x64
		{BDD44709-AC38-4E48-97D5-548DE082C6BA}.Release|x86.ActiveCfg = Release|Win32
		{BDD44709-AC38-4E48-97D5-548DE082C6BA}.Release|x86.Build.0 = Release|Win32
		{78F3E458-3D82-4F8F-AFD9-9629BB524934}.Debug|x64.ActiveCfg = Debug|x64
		{78F3E458-3D82-4F8F-AFD9-9629BB524934}.Debug|x64.Build.0 = Debug|x64
		{78F3E458-3D82-4F8F-AFD9-9629BB524934}.Debug|x86.ActiveCfg = Debug|Win32
		{78F3E458-3D82-4F8F-AFD9-9629BB524934}.Debug|x86.Build.0 = Debug|Win32
		{78F3E458-3D82-4F8F-AFD9-9629BB524934}.Release|x64.ActiveCfg = Release|x64
		{78F3E458-3D82-4F8F-AFD9-9629BB524934}.Release|x64.Build.0 = Release|x64
		{78F3E458-3D82-4F8F-AFD9-9629BB524934}.Release|x86.ActiveCfg = Release|Win32
		{78F3E458-3D82-4F8F-AFD9-9629BB524934}.Release|x86.Build.0 = Release|Win32
		{FFB59C9E-7790-418A-8638-6F86838E22F3}.Debug|x64.ActiveCfg = Debug|x64
		{FFB59C9E-7790-418A-8638-6F86838E22F3}.Debug|x64.Build.0 = Debug|x64
		{FFB59C9E-7790-418A-8638-6F86838E22F3}.Debug|x86.ActiveCfg = Debug|Win32
		{FFB59C9E-7790-418A-8638-6F86838E22F3}.Debug|x86.Build.0 = Debug|Win32
		{FFB59C9E-7790-418A-8638-6F86838E22F3}.Release|x64.ActiveCfg = Release|x64
		{FFB59C9E-7790-418A-8638-6F86838E22F3}.Release|x64.Build.0 = Release|x64
		{FFB59C9E-7790-418A-8638-6F86838E22F3}.Release|x86.ActiveCfg = Release|Win32
		{FFB59C9E-7790-418A-8638-6F86838E22F3}.Release|x86.Build.0 = Release|Win32
		{3C9F5D3B-96BC-4D09-8BC3-F6A2C012088C}.Debug|x64.ActiveCfg = Debug|x64
		{3C9F5D3B-96BC-4D09-8BC3-F6A2C012088C}.Debug|x64.Build.0 = Debug|x64
		{3C9F5D3B-96BC-4D09-8BC3-F6A2C012088C}.Debug|x86.ActiveCfg = Debug|Win32
		{3C9F5D3B-96BC-4D09-8BC3-F6A2C012088C}.Debug|x86.Build.0 = Debug|Win32
		{3C9F5D3B-96BC-4D09-8BC3-F6A2C012088C}.Release|x64.ActiveCfg = Release|x64
		{3C9F5D3B-96BC-4D09-8BC3-F6A2C012088C}.Release|x64.Build.0 = Release|x64
		{3C9F5D3B-96BC-4D09-8BC3-F6A2C012088C}.Release|x86.ActiveCfg = Release|Win32
		{3C9F5D3B-96BC-4D09-8BC3-F6A2C012088C}.Release|x86.Build.0 = Release|Win32
		{485BE020-60DB-447E-BCA5-C535D9DF0233}.Debug|x64.ActiveCfg = Debug|x64
		{485BE020-60DB-447E-BCA5-C535D9DF0233}.Debug|x64.Build.0 = Debug|x64
		{485BE020-60DB-447E-BCA5-C535D9DF0233}.Debug|x86.ActiveCfg = Debug|Win32
		{485BE020-60DB-447E-BCA5-C535D9DF0233}.Debug|x86.Build.0 = Debug|Win32
		{485BE020-60DB-447E-BCA5-C535D9DF0233}.Release|x64.ActiveCfg = Release|x64
		{485BE020-60DB-447E-BCA5-C535D9DF0233}.Release|x64.Build.0 = Release|x64
		{485BE020-60DB-447E-BCA5-C535D9DF0233}.Release|x86.ActiveCfg = Release|Win32
		{485BE020-60DB-447E-BCA5-C535D9DF0233}.Release|x86.Build.0 = Release|Win32
		{1A4B9B17-A2FE-4CCA-99EE-01CB079B04D2}.Debug|x64.ActiveCfg = Debug|x64
		{1A4B9B17-A2FE-4CCA-99EE-01CB079B04D2}.Debug|x64.Build.0 = Debug|x64
		{1A4B9B17-A2FE-4CCA-99EE-01CB079B04D2}.Debug|x86.ActiveCfg = Debug|Win32
		{1A4B9B17-A2FE-4CCA-99EE-01CB079B04D2}.Debug|x86.Build.0 = Debug|Win32
		{1A4B9B17-A2FE-4CCA-99EE-01CB079B04D2}.Release|x64.ActiveCfg = Release|x64
		{1A4B9B17-A2FE-4CCA-99EE-01CB079B04D2}.Release|x64.Build.0 = Release|x64
		{1A4B9B17-A2FE-4CCA-99EE-01CB079B04D2}.Release|x86.ActiveCfg = Release|Win32
		{1A4B9B17-A2FE-4CCA-99EE-01CB079B04D2}.Release|x86.Build.0 = Release|Win32
	EndGlobalSection
	GlobalSection(SolutionProperties) = preSolution
		HideSolutionNode = FALSE
	EndGlobalSection
	GlobalSection(ExtensibilityGlobals) = postSolution
		SolutionGuid = {4AABA765-CA23-4AE2-ABB1-A8A2E62268F5}
	EndGlobalSection
EndGlobal
